
Microsoft Visual Studio Solution File, Format Version 12.00
# Visual Studio Version 16
VisualStudioVersion = 16.0.28803.352
MinimumVisualStudioVersion = 10.0.40219.1
Project("{9A19103F-16F7-4668-BE54-9A1E7A4F7556}") = "FEHub.Api", "FEHub.Api\FEHub.Api.csproj", "{2BD350E1-2C42-4B88-8C4F-BFEBB4EFBB01}"
EndProject
Project("{9A19103F-16F7-4668-BE54-9A1E7A4F7556}") = "FEHub.Entity", "FEHub.Entity\FEHub.Entity.csproj", "{3230D4D7-0A58-4DC3-B230-120B466C9D67}"
EndProject
Project("{9A19103F-16F7-4668-BE54-9A1E7A4F7556}") = "FEHub.Utilities", "FEHub.Utilities\FEHub.Utilities.csproj", "{1B5BAD61-107F-4993-93FC-9722A21F8BE3}"
EndProject
Project("{2150E333-8FDC-42A3-9474-1A3956D46DE8}") = "Solution Items", "Solution Items", "{3DBDEF70-7737-44DE-B47D-5111A1706084}"
	ProjectSection(SolutionItems) = preProject
		FEHub.bak = FEHub.bak
		FEHub.sqlite3 = FEHub.sqlite3
	EndProjectSection
EndProject
Global
	GlobalSection(SolutionConfigurationPlatforms) = preSolution
		Debug|Any CPU = Debug|Any CPU
		Release|Any CPU = Release|Any CPU
	EndGlobalSection
	GlobalSection(ProjectConfigurationPlatforms) = postSolution
		{2BD350E1-2C42-4B88-8C4F-BFEBB4EFBB01}.Debug|Any CPU.ActiveCfg = Debug|Any CPU
		{2BD350E1-2C42-4B88-8C4F-BFEBB4EFBB01}.Debug|Any CPU.Build.0 = Debug|Any CPU
		{2BD350E1-2C42-4B88-8C4F-BFEBB4EFBB01}.Release|Any CPU.ActiveCfg = Release|Any CPU
		{2BD350E1-2C42-4B88-8C4F-BFEBB4EFBB01}.Release|Any CPU.Build.0 = Release|Any CPU
		{3230D4D7-0A58-4DC3-B230-120B466C9D67}.Debug|Any CPU.ActiveCfg = Debug|Any CPU
		{3230D4D7-0A58-4DC3-B230-120B466C9D67}.Debug|Any CPU.Build.0 = Debug|Any CPU
		{3230D4D7-0A58-4DC3-B230-120B466C9D67}.Release|Any CPU.ActiveCfg = Release|Any CPU
		{3230D4D7-0A58-4DC3-B230-120B466C9D67}.Release|Any CPU.Build.0 = Release|Any CPU
		{1B5BAD61-107F-4993-93FC-9722A21F8BE3}.Debug|Any CPU.ActiveCfg = Debug|Any CPU
		{1B5BAD61-107F-4993-93FC-9722A21F8BE3}.Debug|Any CPU.Build.0 = Debug|Any CPU
		{1B5BAD61-107F-4993-93FC-9722A21F8BE3}.Release|Any CPU.ActiveCfg = Release|Any CPU
		{1B5BAD61-107F-4993-93FC-9722A21F8BE3}.Release|Any CPU.Build.0 = Release|Any CPU
	EndGlobalSection
	GlobalSection(SolutionProperties) = preSolution
		HideSolutionNode = FALSE
	EndGlobalSection
	GlobalSection(ExtensibilityGlobals) = postSolution
		SolutionGuid = {E751F4AC-2A11-4E35-B491-495B7CD0FEDB}
	EndGlobalSection
EndGlobal
